
Microsoft Visual Studio Solution File, Format Version 12.00
# Visual Studio Version 16
VisualStudioVersion = 16.0.29613.14
MinimumVisualStudioVersion = 10.0.40219.1
Project("{FAE04EC0-301F-11D3-BF4B-00C04F79EFBC}") = "TestConsole", "TestConsole\TestConsole.csproj", "{3AF8391D-2478-4117-AA4E-831531B833F4}"
EndProject
Global
	GlobalSection(SolutionConfigurationPlatforms) = preSolution
		Debug|Any CPU = Debug|Any CPU
		Release|Any CPU = Release|Any CPU
	EndGlobalSection
	GlobalSection(ProjectConfigurationPlatforms) = postSolution
		{3AF8391D-2478-4117-AA4E-831531B833F4}.Debug|Any CPU.ActiveCfg = Debug|Any CPU
		{3AF8391D-2478-4117-AA4E-831531B833F4}.Debug|Any CPU.Build.0 = Debug|Any CPU
		{3AF8391D-2478-4117-AA4E-831531B833F4}.Release|Any CPU.ActiveCfg = Release|Any CPU
		{3AF8391D-2478-4117-AA4E-831531B833F4}.Release|Any CPU.Build.0 = Release|Any CPU
	EndGlobalSection
	GlobalSection(SolutionProperties) = preSolution
		HideSolutionNode = FALSE
	EndGlobalSection
	GlobalSection(ExtensibilityGlobals) = postSolution
		SolutionGuid = {C8820CB7-DAC0-4F17-8A8E-99B848E5EAE0}
	EndGlobalSection
EndGlobal
